
Microsoft Visual Studio Solution File, Format Version 12.00
# Visual Studio Version 17
VisualStudioVersion = 17.10.34916.146
MinimumVisualStudioVersion = 10.0.40219.1
Project("{FAE04EC0-301F-11D3-BF4B-00C04F79EFBC}") = "Recycle", "Recycle.csproj", "{9C4C5641-FF57-4279-A368-A0908D0D564B}"
EndProject
Global
	GlobalSection(SolutionConfigurationPlatforms) = preSolution
		Debug|Any CPU = Debug|Any CPU
		Release|Any CPU = Release|Any CPU
	EndGlobalSection
	GlobalSection(ProjectConfigurationPlatforms) = postSolution
		{9C4C5641-FF57-4279-A368-A0908D0D564B}.Debug|Any CPU.ActiveCfg = Debug|Any CPU
		{9C4C5641-FF57-4279-A368-A0908D0D564B}.Debug|Any CPU.Build.0 = Debug|Any CPU
		{9C4C5641-FF57-4279-A368-A0908D0D564B}.Release|Any CPU.ActiveCfg = Release|Any CPU
		{9C4C5641-FF57-4279-A368-A0908D0D564B}.Release|Any CPU.Build.0 = Release|Any CPU
	EndGlobalSection
	GlobalSection(SolutionProperties) = preSolution
		HideSolutionNode = FALSE
	EndGlobalSection
	GlobalSection(ExtensibilityGlobals) = postSolution
		SolutionGuid = {D39BDF94-CA72-41F3-B960-663E6628D7A9}
	EndGlobalSection
EndGlobal
